# @generated - this file is auto-generated by `mise lock` https://mise.jdx.dev/dev-tools/mise-lock.html

lockfile_version = 1

[[tools.protoc]]
version = "36.1"
backend = "aqua:protocolbuffers/protobuf/protoc"
specifiers = ["36.1"]

[tools.protoc."platforms.linux-arm64"]
checksum = "sha256:237a68856edf1bd28b6204bddd0596c1cf46d298bc29c620012540b2e44c73e7"
url = "https://github.com/protocolbuffers/protobuf/releases/download/v36.1/protoc-36.1-linux-aarch_64.zip"
url_api = "https://api.github.com/repos/protocolbuffers/protobuf/releases/assets/538583148"

[tools.protoc."platforms.linux-arm64-musl"]
checksum = "sha256:237a68856edf1bd28b6204bddd0596c1cf46d298bc29c620012540b2e44c73e7"
url = "https://github.com/protocolbuffers/protobuf/releases/download/v36.1/protoc-36.1-linux-aarch_64.zip"
url_api = "https://api.github.com/repos/protocolbuffers/protobuf/releases/assets/538583148"

[tools.protoc."platforms.linux-x64"]
checksum = "sha256:c4bc672d9d49214dc8cafdceadf4df92182d6ca8e3ec65a56b2d7de5602669b4"
url = "https://github.com/protocolbuffers/protobuf/releases/download/v36.1/protoc-36.1-linux-x86_64.zip"
url_api = "https://api.github.com/repos/protocolbuffers/protobuf/releases/assets/538583183"

[tools.protoc."platforms.linux-x64-musl"]
checksum = "sha256:c4bc672d9d49214dc8cafdceadf4df92182d6ca8e3ec65a56b2d7de5602669b4"
url = "https://github.com/protocolbuffers/protobuf/releases/download/v36.1/protoc-36.1-linux-x86_64.zip"
url_api = "https://api.github.com/repos/protocolbuffers/protobuf/releases/assets/538583183"

[tools.protoc."platforms.macos-arm64"]
checksum = "sha256:de56d57afe30c5d191b11d24ff93dd4025728d7fb43b773886b2d3613e0bdbb2"
url = "https://github.com/protocolbuffers/protobuf/releases/download/v36.1/protoc-36.1-osx-aarch_64.zip"
url_api = "https://api.github.com/repos/protocolbuffers/protobuf/releases/assets/538583189"

[tools.protoc."platforms.macos-x64"]
checksum = "sha256:ee2c5496e4af0aa6a224894bc0f7025145260e004d890487d510725ce8b473eb"
url = "https://github.com/protocolbuffers/protobuf/releases/download/v36.1/protoc-36.1-osx-x86_64.zip"
url_api = "https://api.github.com/repos/protocolbuffers/protobuf/releases/assets/538583191"

[tools.protoc."platforms.windows-x64"]
checksum = "sha256:390e515cb456e6a978553bdb57baf087b054885077fd6da7f7ff0160279c07d6"
url = "https://github.com/protocolbuffers/protobuf/releases/download/v36.1/protoc-36.1-win64.zip"
url_api = "https://api.github.com/repos/protocolbuffers/protobuf/releases/assets/538583199"
